// !$*UTF8*$!
{
	archiveVersion = 1;
	classes = {
	};
	objectVersion = 48;
	objects = {

/* Begin PBXBuildFile section */
		0D26DDB12034913800520F8F /* LinkedListTester.cpp in Sources */ = {isa = PBXBuildFile; fileRef = 0D26DDAF2034913800520F8F /* LinkedListTester.cpp */; };
		0D307F962047031E00CBAFE5 /* TestingStacksAndQueues.cpp in Sources */ = {isa = PBXBuildFile; fileRef = 0D307F942047031E00CBAFE5 /* TestingStacksAndQueues.cpp */; };
		0D34E50E206A951B00675E4B /* BinaryTreeTester.cpp in Sources */ = {isa = PBXBuildFile; fileRef = 0D34E50C206A951B00675E4B /* BinaryTreeTester.cpp */; };
		0D38305E205827BF00E0F096 /* SortingTester.cpp in Sources */ = {isa = PBXBuildFile; fileRef = 0D38305C205827BF00E0F096 /* SortingTester.cpp */; };
		0D3873C820653AB200C30E56 /* GraphTester.cpp in Sources */ = {isa = PBXBuildFile; fileRef = 0D3873C620653AB200C30E56 /* GraphTester.cpp */; };
		0D8ADF05204D900C00E85FF4 /* RecursionTester.cpp in Sources */ = {isa = PBXBuildFile; fileRef = 0D8ADF03204D900C00E85FF4 /* RecursionTester.cpp */; };
		0DF1B5E9202A00240021A295 /* ArrayTester.cpp in Sources */ = {isa = PBXBuildFile; fileRef = 0DF1B5E7202A00240021A295 /* ArrayTester.cpp */; };
		0DF9582220220BF200CA7042 /* Controller.cpp in Sources */ = {isa = PBXBuildFile; fileRef = 0DF9582020220BF200CA7042 /* Controller.cpp */; };
		0DF9582420220BFC00CA7042 /* Runner.cpp in Sources */ = {isa = PBXBuildFile; fileRef = 0DF9582320220BFC00CA7042 /* Runner.cpp */; };
		0DF9582820220F1A00CA7042 /* Timer.cpp in Sources */ = {isa = PBXBuildFile; fileRef = 0DF9582620220F1A00CA7042 /* Timer.cpp */; };
		0DF9582B2022189E00CA7042 /* FileController.cpp in Sources */ = {isa = PBXBuildFile; fileRef = 0DF958292022189E00CA7042 /* FileController.cpp */; };
		0DF958342022200400CA7042 /* CrimeData.cpp in Sources */ = {isa = PBXBuildFile; fileRef = 0DF958332022200400CA7042 /* CrimeData.cpp */; };
/* End PBXBuildFile section */

/* Begin PBXCopyFilesBuildPhase section */
		0DF9581320220B8400CA7042 /* CopyFiles */ = {
			isa = PBXCopyFilesBuildPhase;
			buildActionMask = 2147483647;
			dstPath = /usr/share/man/man1/;
			dstSubfolderSpec = 0;
			files = (
			);
			runOnlyForDeploymentPostprocessing = 1;
		};
/* End PBXCopyFilesBuildPhase section */

/* Begin PBXFileReference section */
		0D0E803A202CAA43001B924B /* LinearNode.hpp */ = {isa = PBXFileReference; lastKnownFileType = sourcecode.cpp.h; path = LinearNode.hpp; sourceTree = "<group>"; };
		0D0E803D202CB317001B924B /* List.hpp */ = {isa = PBXFileReference; lastKnownFileType = sourcecode.cpp.h; path = List.hpp; sourceTree = "<group>"; };
		0D26DDAD2034817500520F8F /* LinkedList.hpp */ = {isa = PBXFileReference; lastKnownFileType = sourcecode.cpp.h; path = LinkedList.hpp; sourceTree = "<group>"; };
		0D26DDAF2034913800520F8F /* LinkedListTester.cpp */ = {isa = PBXFileReference; lastKnownFileType = sourcecode.cpp.cpp; path = LinkedListTester.cpp; sourceTree = "<group>"; };
		0D26DDB02034913800520F8F /* LinkedListTester.hpp */ = {isa = PBXFileReference; lastKnownFileType = sourcecode.cpp.h; path = LinkedListTester.hpp; sourceTree = "<group>"; };
		0D2A055E203F13C4003691AE /* Stack.hpp */ = {isa = PBXFileReference; lastKnownFileType = sourcecode.cpp.h; path = Stack.hpp; sourceTree = "<group>"; };
		0D2A0562203F1E8C003691AE /* Queue.hpp */ = {isa = PBXFileReference; lastKnownFileType = sourcecode.cpp.h; path = Queue.hpp; sourceTree = "<group>"; };
		0D307F942047031E00CBAFE5 /* TestingStacksAndQueues.cpp */ = {isa = PBXFileReference; lastKnownFileType = sourcecode.cpp.cpp; path = TestingStacksAndQueues.cpp; sourceTree = "<group>"; };
		0D307F952047031E00CBAFE5 /* TestingStacksAndQueues.hpp */ = {isa = PBXFileReference; lastKnownFileType = sourcecode.cpp.h; path = TestingStacksAndQueues.hpp; sourceTree = "<group>"; };
		0D33B18F206D2940000597AE /* BinarySearchTree.hpp */ = {isa = PBXFileReference; lastKnownFileType = sourcecode.cpp.h; path = BinarySearchTree.hpp; sourceTree = "<group>"; };
		0D34E50A206A8D4500675E4B /* BinaryTreeNode.hpp */ = {isa = PBXFileReference; lastKnownFileType = sourcecode.cpp.h; path = BinaryTreeNode.hpp; sourceTree = "<group>"; };
		0D34E50C206A951B00675E4B /* BinaryTreeTester.cpp */ = {isa = PBXFileReference; lastKnownFileType = sourcecode.cpp.cpp; path = BinaryTreeTester.cpp; sourceTree = "<group>"; };
		0D34E50D206A951B00675E4B /* BinaryTreeTester.hpp */ = {isa = PBXFileReference; lastKnownFileType = sourcecode.cpp.h; path = BinaryTreeTester.hpp; sourceTree = "<group>"; };
		0D34E510206A998200675E4B /* Tree.hpp */ = {isa = PBXFileReference; lastKnownFileType = sourcecode.cpp.h; path = Tree.hpp; sourceTree = "<group>"; };
		0D38305C205827BF00E0F096 /* SortingTester.cpp */ = {isa = PBXFileReference; lastKnownFileType = sourcecode.cpp.cpp; path = SortingTester.cpp; sourceTree = "<group>"; };
		0D38305D205827BF00E0F096 /* SortingTester.hpp */ = {isa = PBXFileReference; lastKnownFileType = sourcecode.cpp.h; path = SortingTester.hpp; sourceTree = "<group>"; };
		0D3873C620653AB200C30E56 /* GraphTester.cpp */ = {isa = PBXFileReference; lastKnownFileType = sourcecode.cpp.cpp; path = GraphTester.cpp; sourceTree = "<group>"; };
		0D3873C720653AB200C30E56 /* GraphTester.hpp */ = {isa = PBXFileReference; lastKnownFileType = sourcecode.cpp.h; path = GraphTester.hpp; sourceTree = "<group>"; };
		0D467631208E2199002AB5A9 /* N_AryTreeNode.hpp */ = {isa = PBXFileReference; lastKnownFileType = sourcecode.cpp.h; path = N_AryTreeNode.hpp; sourceTree = "<group>"; };
		0D8ADF03204D900C00E85FF4 /* RecursionTester.cpp */ = {isa = PBXFileReference; lastKnownFileType = sourcecode.cpp.cpp; path = RecursionTester.cpp; sourceTree = "<group>"; };
		0D8ADF04204D900C00E85FF4 /* RecursionTester.hpp */ = {isa = PBXFileReference; lastKnownFileType = sourcecode.cpp.h; path = RecursionTester.hpp; sourceTree = "<group>"; };
		0D903BD82093733E00749E23 /* HashNode.hpp */ = {isa = PBXFileReference; lastKnownFileType = sourcecode.cpp.h; path = HashNode.hpp; sourceTree = "<group>"; };
		0D903BDE2093772700749E23 /* Hashtable.hpp */ = {isa = PBXFileReference; lastKnownFileType = sourcecode.cpp.h; path = Hashtable.hpp; sourceTree = "<group>"; };
		0D94B38A2060024A00D3D376 /* Graph.hpp */ = {isa = PBXFileReference; lastKnownFileType = sourcecode.cpp.h; path = Graph.hpp; sourceTree = "<group>"; };
		0DDEBB3820445EC60074935C /* DoubleNode.hpp */ = {isa = PBXFileReference; lastKnownFileType = sourcecode.cpp.h; path = DoubleNode.hpp; sourceTree = "<group>"; };
		0DDEBB3B204465520074935C /* CircularList.hpp */ = {isa = PBXFileReference; lastKnownFileType = sourcecode.cpp.h; path = CircularList.hpp; sourceTree = "<group>"; };
		0DE949D520863A9700F41A8D /* AVLTree.hpp */ = {isa = PBXFileReference; lastKnownFileType = sourcecode.cpp.h; path = AVLTree.hpp; sourceTree = "<group>"; };
		0DF0C7B52024C0BD00A05D33 /* Array.hpp */ = {isa = PBXFileReference; lastKnownFileType = sourcecode.cpp.h; path = Array.hpp; sourceTree = "<group>"; };
		0DF1B5E7202A00240021A295 /* ArrayTester.cpp */ = {isa = PBXFileReference; lastKnownFileType = sourcecode.cpp.cpp; path = ArrayTester.cpp; sourceTree = "<group>"; };
		0DF1B5E8202A00240021A295 /* ArrayTester.hpp */ = {isa = PBXFileReference; lastKnownFileType = sourcecode.cpp.h; path = ArrayTester.hpp; sourceTree = "<group>"; };
		0DF1B5EC202A13050021A295 /* Node.hpp */ = {isa = PBXFileReference; lastKnownFileType = sourcecode.cpp.h; path = Node.hpp; sourceTree = "<group>"; };
		0DF9581520220B8400CA7042 /* DataStructures */ = {isa = PBXFileReference; explicitFileType = "compiled.mach-o.executable"; includeInIndex = 0; path = DataStructures; sourceTree = BUILT_PRODUCTS_DIR; };
		0DF9582020220BF200CA7042 /* Controller.cpp */ = {isa = PBXFileReference; lastKnownFileType = sourcecode.cpp.cpp; path = Controller.cpp; sourceTree = "<group>"; };
		0DF9582120220BF200CA7042 /* Controller.hpp */ = {isa = PBXFileReference; lastKnownFileType = sourcecode.cpp.h; path = Controller.hpp; sourceTree = "<group>"; };
		0DF9582320220BFC00CA7042 /* Runner.cpp */ = {isa = PBXFileReference; lastKnownFileType = sourcecode.cpp.cpp; path = Runner.cpp; sourceTree = "<group>"; };
		0DF9582620220F1A00CA7042 /* Timer.cpp */ = {isa = PBXFileReference; lastKnownFileType = sourcecode.cpp.cpp; path = Timer.cpp; sourceTree = "<group>"; };
		0DF9582720220F1A00CA7042 /* Timer.hpp */ = {isa = PBXFileReference; lastKnownFileType = sourcecode.cpp.h; path = Timer.hpp; sourceTree = "<group>"; };
		0DF958292022189E00CA7042 /* FileController.cpp */ = {isa = PBXFileReference; lastKnownFileType = sourcecode.cpp.cpp; path = FileController.cpp; sourceTree = "<group>"; };
		0DF9582A2022189E00CA7042 /* FileController.hpp */ = {isa = PBXFileReference; lastKnownFileType = sourcecode.cpp.h; path = FileController.hpp; sourceTree = "<group>"; };
		0DF958312022200400CA7042 /* CrimeData.hpp */ = {isa = PBXFileReference; fileEncoding = 4; lastKnownFileType = sourcecode.cpp.h; path = CrimeData.hpp; sourceTree = "<group>"; };
		0DF958322022200400CA7042 /* crime.csv */ = {isa = PBXFileReference; fileEncoding = 4; lastKnownFileType = text; path = crime.csv; sourceTree = "<group>"; };
		0DF958332022200400CA7042 /* CrimeData.cpp */ = {isa = PBXFileReference; fileEncoding = 4; lastKnownFileType = sourcecode.cpp.cpp; path = CrimeData.cpp; sourceTree = "<group>"; };
/* End PBXFileReference section */

/* Begin PBXFrameworksBuildPhase section */
		0DF9581220220B8400CA7042 /* Frameworks */ = {
			isa = PBXFrameworksBuildPhase;
			buildActionMask = 2147483647;
			files = (
			);
			runOnlyForDeploymentPostprocessing = 0;
		};
/* End PBXFrameworksBuildPhase section */

/* Begin PBXGroup section */
		0D40B5502031F8F100B3F302 /* Linear */ = {
			isa = PBXGroup;
			children = (
				0DF0C7B52024C0BD00A05D33 /* Array.hpp */,
				0D0E803D202CB317001B924B /* List.hpp */,
				0D26DDAD2034817500520F8F /* LinkedList.hpp */,
				0D2A055E203F13C4003691AE /* Stack.hpp */,
				0D2A0562203F1E8C003691AE /* Queue.hpp */,
				0DDEBB3B204465520074935C /* CircularList.hpp */,
			);
			path = Linear;
			sourceTree = "<group>";
		};
		0D40B5512031F94C00B3F302 /* NonLinear */ = {
			isa = PBXGroup;
			children = (
				0D94B38A2060024A00D3D376 /* Graph.hpp */,
				0D34E510206A998200675E4B /* Tree.hpp */,
				0D33B18F206D2940000597AE /* BinarySearchTree.hpp */,
				0DE949D520863A9700F41A8D /* AVLTree.hpp */,
				0D903BDE2093772700749E23 /* Hashtable.hpp */,
			);
			path = NonLinear;
			sourceTree = "<group>";
		};
		0DF0C7B22024BFA600A05D33 /* Model */ = {
			isa = PBXGroup;
			children = (
				0DF1B5EA202A12E50021A295 /* Nodes */,
				0DF0C7B32024BFB400A05D33 /* Structures */,
			);
			path = Model;
			sourceTree = "<group>";
		};
		0DF0C7B32024BFB400A05D33 /* Structures */ = {
			isa = PBXGroup;
			children = (
				0D40B5512031F94C00B3F302 /* NonLinear */,
				0D40B5502031F8F100B3F302 /* Linear */,
			);
			path = Structures;
			sourceTree = "<group>";
		};
		0DF1B5E62029FFB50021A295 /* Testers */ = {
			isa = PBXGroup;
			children = (
				0DF1B5E7202A00240021A295 /* ArrayTester.cpp */,
				0DF1B5E8202A00240021A295 /* ArrayTester.hpp */,
				0D26DDAF2034913800520F8F /* LinkedListTester.cpp */,
				0D26DDB02034913800520F8F /* LinkedListTester.hpp */,
				0D307F942047031E00CBAFE5 /* TestingStacksAndQueues.cpp */,
				0D307F952047031E00CBAFE5 /* TestingStacksAndQueues.hpp */,
				0D8ADF03204D900C00E85FF4 /* RecursionTester.cpp */,
				0D8ADF04204D900C00E85FF4 /* RecursionTester.hpp */,
				0D38305C205827BF00E0F096 /* SortingTester.cpp */,
				0D38305D205827BF00E0F096 /* SortingTester.hpp */,
				0D3873C620653AB200C30E56 /* GraphTester.cpp */,
				0D3873C720653AB200C30E56 /* GraphTester.hpp */,
				0D34E50C206A951B00675E4B /* BinaryTreeTester.cpp */,
				0D34E50D206A951B00675E4B /* BinaryTreeTester.hpp */,
			);
			path = Testers;
			sourceTree = "<group>";
		};
		0DF1B5EA202A12E50021A295 /* Nodes */ = {
			isa = PBXGroup;
			children = (
				0DF1B5EC202A13050021A295 /* Node.hpp */,
				0D0E803A202CAA43001B924B /* LinearNode.hpp */,
				0DDEBB3820445EC60074935C /* DoubleNode.hpp */,
				0D34E50A206A8D4500675E4B /* BinaryTreeNode.hpp */,
				0D467631208E2199002AB5A9 /* N_AryTreeNode.hpp */,
				0D903BD82093733E00749E23 /* HashNode.hpp */,
			);
			path = Nodes;
			sourceTree = "<group>";
		};
		0DF9580C20220B8400CA7042 = {
			isa = PBXGroup;
			children = (
				0DF9581720220B8400CA7042 /* DataStructures */,
				0DF9581620220B8400CA7042 /* Products */,
			);
			sourceTree = "<group>";
		};
		0DF9581620220B8400CA7042 /* Products */ = {
			isa = PBXGroup;
			children = (
				0DF9581520220B8400CA7042 /* DataStructures */,
			);
			name = Products;
			sourceTree = "<group>";
		};
		0DF9581720220B8400CA7042 /* DataStructures */ = {
			isa = PBXGroup;
			children = (
				0DF1B5E62029FFB50021A295 /* Testers */,
				0DF0C7B22024BFA600A05D33 /* Model */,
				0DF9582C2022194200CA7042 /* Data */,
				0DF9581F20220BE400CA7042 /* Controller */,
				0DF9582320220BFC00CA7042 /* Runner.cpp */,
			);
			path = DataStructures;
			sourceTree = "<group>";
		};
		0DF9581F20220BE400CA7042 /* Controller */ = {
			isa = PBXGroup;
			children = (
				0DF9582520220D9400CA7042 /* Tools */,
				0DF958292022189E00CA7042 /* FileController.cpp */,
				0DF9582A2022189E00CA7042 /* FileController.hpp */,
				0DF9582020220BF200CA7042 /* Controller.cpp */,
				0DF9582120220BF200CA7042 /* Controller.hpp */,
			);
			path = Controller;
			sourceTree = "<group>";
		};
		0DF9582520220D9400CA7042 /* Tools */ = {
			isa = PBXGroup;
			children = (
				0DF9582620220F1A00CA7042 /* Timer.cpp */,
				0DF9582720220F1A00CA7042 /* Timer.hpp */,
			);
			path = Tools;
			sourceTree = "<group>";
		};
		0DF9582C2022194200CA7042 /* Data */ = {
			isa = PBXGroup;
			children = (
				0DF958332022200400CA7042 /* CrimeData.cpp */,
				0DF958312022200400CA7042 /* CrimeData.hpp */,
				0DF958322022200400CA7042 /* crime.csv */,
			);
			path = Data;
			sourceTree = "<group>";
		};
/* End PBXGroup section */

/* Begin PBXNativeTarget section */
		0DF9581420220B8400CA7042 /* DataStructures */ = {
			isa = PBXNativeTarget;
			buildConfigurationList = 0DF9581C20220B8400CA7042 /* Build configuration list for PBXNativeTarget "DataStructures" */;
			buildPhases = (
				0DF9581120220B8400CA7042 /* Sources */,
				0DF9581220220B8400CA7042 /* Frameworks */,
				0DF9581320220B8400CA7042 /* CopyFiles */,
			);
			buildRules = (
			);
			dependencies = (
			);
			name = DataStructures;
			productName = DataStructures;
			productReference = 0DF9581520220B8400CA7042 /* DataStructures */;
			productType = "com.apple.product-type.tool";
		};
/* End PBXNativeTarget section */

/* Begin PBXProject section */
		0DF9580D20220B8400CA7042 /* Project object */ = {
			isa = PBXProject;
			attributes = {
				LastUpgradeCheck = 0900;
				ORGANIZATIONNAME = CTEC;
				TargetAttributes = {
					0DF9581420220B8400CA7042 = {
						CreatedOnToolsVersion = 9.0;
						ProvisioningStyle = Automatic;
					};
				};
			};
			buildConfigurationList = 0DF9581020220B8400CA7042 /* Build configuration list for PBXProject "DataStructures" */;
			compatibilityVersion = "Xcode 8.0";
			developmentRegion = en;
			hasScannedForEncodings = 0;
			knownRegions = (
				en,
			);
			mainGroup = 0DF9580C20220B8400CA7042;
			productRefGroup = 0DF9581620220B8400CA7042 /* Products */;
			projectDirPath = "";
			projectRoot = "";
			targets = (
				0DF9581420220B8400CA7042 /* DataStructures */,
			);
		};
/* End PBXProject section */

/* Begin PBXSourcesBuildPhase section */
		0DF9581120220B8400CA7042 /* Sources */ = {
			isa = PBXSourcesBuildPhase;
			buildActionMask = 2147483647;
			files = (
				0D8ADF05204D900C00E85FF4 /* RecursionTester.cpp in Sources */,
				0DF9582820220F1A00CA7042 /* Timer.cpp in Sources */,
				0DF958342022200400CA7042 /* CrimeData.cpp in Sources */,
				0DF9582220220BF200CA7042 /* Controller.cpp in Sources */,
				0DF9582420220BFC00CA7042 /* Runner.cpp in Sources */,
				0D34E50E206A951B00675E4B /* BinaryTreeTester.cpp in Sources */,
				0D3873C820653AB200C30E56 /* GraphTester.cpp in Sources */,
				0D26DDB12034913800520F8F /* LinkedListTester.cpp in Sources */,
				0D38305E205827BF00E0F096 /* SortingTester.cpp in Sources */,
				0D307F962047031E00CBAFE5 /* TestingStacksAndQueues.cpp in Sources */,
				0DF1B5E9202A00240021A295 /* ArrayTester.cpp in Sources */,
				0DF9582B2022189E00CA7042 /* FileController.cpp in Sources */,
			);
			runOnlyForDeploymentPostprocessing = 0;
		};
/* End PBXSourcesBuildPhase section */

/* Begin XCBuildConfiguration section */
		0DF9581A20220B8400CA7042 /* Debug */ = {
			isa = XCBuildConfiguration;
			buildSettings = {
				ALWAYS_SEARCH_USER_PATHS = NO;
				CLANG_ANALYZER_NONNULL = YES;
				CLANG_ANALYZER_NUMBER_OBJECT_CONVERSION = YES_AGGRESSIVE;
				CLANG_CXX_LANGUAGE_STANDARD = "gnu++14";
				CLANG_CXX_LIBRARY = "libc++";
				CLANG_ENABLE_MODULES = YES;
				CLANG_ENABLE_OBJC_ARC = YES;
				CLANG_WARN_BLOCK_CAPTURE_AUTORELEASING = YES;
				CLANG_WARN_BOOL_CONVERSION = YES;
				CLANG_WARN_COMMA = YES;
				CLANG_WARN_CONSTANT_CONVERSION = YES;
				CLANG_WARN_DIRECT_OBJC_ISA_USAGE = YES_ERROR;
				CLANG_WARN_DOCUMENTATION_COMMENTS = YES;
				CLANG_WARN_EMPTY_BODY = YES;
				CLANG_WARN_ENUM_CONVERSION = YES;
				CLANG_WARN_INFINITE_RECURSION = YES;
				CLANG_WARN_INT_CONVERSION = YES;
				CLANG_WARN_NON_LITERAL_NULL_CONVERSION = YES;
				CLANG_WARN_OBJC_LITERAL_CONVERSION = YES;
				CLANG_WARN_OBJC_ROOT_CLASS = YES_ERROR;
				CLANG_WARN_RANGE_LOOP_ANALYSIS = YES;
				CLANG_WARN_STRICT_PROTOTYPES = YES;
				CLANG_WARN_SUSPICIOUS_MOVE = YES;
				CLANG_WARN_UNGUARDED_AVAILABILITY = YES_AGGRESSIVE;
				CLANG_WARN_UNREACHABLE_CODE = YES;
				CLANG_WARN__DUPLICATE_METHOD_MATCH = YES;
				CODE_SIGN_IDENTITY = "-";
				COPY_PHASE_STRIP = NO;
				DEBUG_INFORMATION_FORMAT = dwarf;
				ENABLE_STRICT_OBJC_MSGSEND = YES;
				ENABLE_TESTABILITY = YES;
				GCC_C_LANGUAGE_STANDARD = gnu11;
				GCC_DYNAMIC_NO_PIC = NO;
				GCC_NO_COMMON_BLOCKS = YES;
				GCC_OPTIMIZATION_LEVEL = 0;
				GCC_PREPROCESSOR_DEFINITIONS = (
					"DEBUG=1",
					"$(inherited)",
				);
				GCC_WARN_64_TO_32_BIT_CONVERSION = YES;
				GCC_WARN_ABOUT_RETURN_TYPE = YES_ERROR;
				GCC_WARN_UNDECLARED_SELECTOR = YES;
				GCC_WARN_UNINITIALIZED_AUTOS = YES_AGGRESSIVE;
				GCC_WARN_UNUSED_FUNCTION = YES;
				GCC_WARN_UNUSED_VARIABLE = YES;
				MACOSX_DEPLOYMENT_TARGET = 10.12;
				MTL_ENABLE_DEBUG_INFO = YES;
				ONLY_ACTIVE_ARCH = YES;
				SDKROOT = macosx;
			};
			name = Debug;
		};
		0DF9581B20220B8400CA7042 /* Release */ = {
			isa = XCBuildConfiguration;
			buildSettings = {
				ALWAYS_SEARCH_USER_PATHS = NO;
				CLANG_ANALYZER_NONNULL = YES;
				CLANG_ANALYZER_NUMBER_OBJECT_CONVERSION = YES_AGGRESSIVE;
				CLANG_CXX_LANGUAGE_STANDARD = "gnu++14";
				CLANG_CXX_LIBRARY = "libc++";
				CLANG_ENABLE_MODULES = YES;
				CLANG_ENABLE_OBJC_ARC = YES;
				CLANG_WARN_BLOCK_CAPTURE_AUTORELEASING = YES;
				CLANG_WARN_BOOL_CONVERSION = YES;
				CLANG_WARN_COMMA = YES;
				CLANG_WARN_CONSTANT_CONVERSION = YES;
				CLANG_WARN_DIRECT_OBJC_ISA_USAGE = YES_ERROR;
				CLANG_WARN_DOCUMENTATION_COMMENTS = YES;
				CLANG_WARN_EMPTY_BODY = YES;
				CLANG_WARN_ENUM_CONVERSION = YES;
				CLANG_WARN_INFINITE_RECURSION = YES;
				CLANG_WARN_INT_CONVERSION = YES;
				CLANG_WARN_NON_LITERAL_NULL_CONVERSION = YES;
				CLANG_WARN_OBJC_LITERAL_CONVERSION = YES;
				CLANG_WARN_OBJC_ROOT_CLASS = YES_ERROR;
				CLANG_WARN_RANGE_LOOP_ANALYSIS = YES;
				CLANG_WARN_STRICT_PROTOTYPES = YES;
				CLANG_WARN_SUSPICIOUS_MOVE = YES;
				CLANG_WARN_UNGUARDED_AVAILABILITY = YES_AGGRESSIVE;
				CLANG_WARN_UNREACHABLE_CODE = YES;
				CLANG_WARN__DUPLICATE_METHOD_MATCH = YES;
				CODE_SIGN_IDENTITY = "-";
				COPY_PHASE_STRIP = NO;
				DEBUG_INFORMATION_FORMAT = "dwarf-with-dsym";
				ENABLE_NS_ASSERTIONS = NO;
				ENABLE_STRICT_OBJC_MSGSEND = YES;
				GCC_C_LANGUAGE_STANDARD = gnu11;
				GCC_NO_COMMON_BLOCKS = YES;
				GCC_WARN_64_TO_32_BIT_CONVERSION = YES;
				GCC_WARN_ABOUT_RETURN_TYPE = YES_ERROR;
				GCC_WARN_UNDECLARED_SELECTOR = YES;
				GCC_WARN_UNINITIALIZED_AUTOS = YES_AGGRESSIVE;
				GCC_WARN_UNUSED_FUNCTION = YES;
				GCC_WARN_UNUSED_VARIABLE = YES;
				MACOSX_DEPLOYMENT_TARGET = 10.12;
				MTL_ENABLE_DEBUG_INFO = NO;
				SDKROOT = macosx;
			};
			name = Release;
		};
		0DF9581D20220B8400CA7042 /* Debug */ = {
			isa = XCBuildConfiguration;
			buildSettings = {
				CODE_SIGN_STYLE = Automatic;
				PRODUCT_NAME = "$(TARGET_NAME)";
			};
			name = Debug;
		};
		0DF9581E20220B8400CA7042 /* Release */ = {
			isa = XCBuildConfiguration;
			buildSettings = {
				CODE_SIGN_STYLE = Automatic;
				PRODUCT_NAME = "$(TARGET_NAME)";
			};
			name = Release;
		};
/* End XCBuildConfiguration section */

/* Begin XCConfigurationList section */
		0DF9581020220B8400CA7042 /* Build configuration list for PBXProject "DataStructures" */ = {
			isa = XCConfigurationList;
			buildConfigurations = (
				0DF9581A20220B8400CA7042 /* Debug */,
				0DF9581B20220B8400CA7042 /* Release */,
			);
			defaultConfigurationIsVisible = 0;
			defaultConfigurationName = Release;
		};
		0DF9581C20220B8400CA7042 /* Build configuration list for PBXNativeTarget "DataStructures" */ = {
			isa = XCConfigurationList;
			buildConfigurations = (
				0DF9581D20220B8400CA7042 /* Debug */,
				0DF9581E20220B8400CA7042 /* Release */,
			);
			defaultConfigurationIsVisible = 0;
			defaultConfigurationName = Release;
		};
/* End XCConfigurationList section */
	};
	rootObject = 0DF9580D20220B8400CA7042 /* Project object */;
}
